
Microsoft Visual Studio Solution File, Format Version 12.00
# Visual Studio Version 17
VisualStudioVersion = 17.9.34607.119
MinimumVisualStudioVersion = 10.0.40219.1
Project("{FAE04EC0-301F-11D3-BF4B-00C04F79EFBC}") = "DWM.ExSw.Addin", "DWM.ExSw.Addin.csproj", "{7F17322D-15FE-4B8A-BA52-2390C2A60A1F}"
EndProject
Project("{FAE04EC0-301F-11D3-BF4B-00C04F79EFBC}") = "Console_DWM", "..\Console_DWM\Console_DWM.csproj", "{B5ECE589-88AE-46E8-A193-83AB1E2C8E5D}"
EndProject
Project("{54435603-DBB4-11D2-8724-00A0C9A8B90C}") = "Instal_DWM", "..\Instal_DWM\Instal_DWM.vdproj", "{155DAB16-2671-4FA8-AF3B-D31006BBE69F}"
EndProject
Global
	GlobalSection(SolutionConfigurationPlatforms) = preSolution
		Debug|Any CPU = Debug|Any CPU
		Release|Any CPU = Release|Any CPU
	EndGlobalSection
	GlobalSection(ProjectConfigurationPlatforms) = postSolution
		{7F17322D-15FE-4B8A-BA52-2390C2A60A1F}.Debug|Any CPU.ActiveCfg = Debug|Any CPU
		{7F17322D-15FE-4B8A-BA52-2390C2A60A1F}.Debug|Any CPU.Build.0 = Debug|Any CPU
		{7F17322D-15FE-4B8A-BA52-2390C2A60A1F}.Release|Any CPU.ActiveCfg = Release|Any CPU
		{7F17322D-15FE-4B8A-BA52-2390C2A60A1F}.Release|Any CPU.Build.0 = Release|Any CPU
		{B5ECE589-88AE-46E8-A193-83AB1E2C8E5D}.Debug|Any CPU.ActiveCfg = Debug|Any CPU
		{B5ECE589-88AE-46E8-A193-83AB1E2C8E5D}.Debug|Any CPU.Build.0 = Debug|Any CPU
		{B5ECE589-88AE-46E8-A193-83AB1E2C8E5D}.Release|Any CPU.ActiveCfg = Release|Any CPU
		{B5ECE589-88AE-46E8-A193-83AB1E2C8E5D}.Release|Any CPU.Build.0 = Release|Any CPU
		{155DAB16-2671-4FA8-AF3B-D31006BBE69F}.Debug|Any CPU.ActiveCfg = Debug
		{155DAB16-2671-4FA8-AF3B-D31006BBE69F}.Debug|Any CPU.Build.0 = Debug
		{155DAB16-2671-4FA8-AF3B-D31006BBE69F}.Release|Any CPU.ActiveCfg = Release
		{155DAB16-2671-4FA8-AF3B-D31006BBE69F}.Release|Any CPU.Build.0 = Release
	EndGlobalSection
	GlobalSection(SolutionProperties) = preSolution
		HideSolutionNode = FALSE
	EndGlobalSection
	GlobalSection(ExtensibilityGlobals) = postSolution
		SolutionGuid = {12217240-FCB8-4B07-9485-3EBB34E914C5}
	EndGlobalSection
EndGlobal
